
Microsoft Visual Studio Solution File, Format Version 12.00
# Visual Studio Version 17
VisualStudioVersion = 17.1.32210.238
MinimumVisualStudioVersion = 10.0.40219.1
Project("{8BC9CEB8-8B4A-11D0-8D11-00A0C91BC942}") = "Project C 1", "Project C 1\Project C 1.vcxproj", "{189CB5EE-6981-46AD-9E1D-6EFAA644A8A4}"
EndProject
Global
	GlobalSection(SolutionConfigurationPlatforms) = preSolution
		Debug|x64 = Debug|x64
		Debug|x86 = Debug|x86
		Release|x64 = Release|x64
		Release|x86 = Release|x86
	EndGlobalSection
	GlobalSection(ProjectConfigurationPlatforms) = postSolution
		{189CB5EE-6981-46AD-9E1D-6EFAA644A8A4}.Debug|x64.ActiveCfg = Debug|x64
		{189CB5EE-6981-46AD-9E1D-6EFAA644A8A4}.Debug|x64.Build.0 = Debug|x64
		{189CB5EE-6981-46AD-9E1D-6EFAA644A8A4}.Debug|x86.ActiveCfg = Debug|Win32
		{189CB5EE-6981-46AD-9E1D-6EFAA644A8A4}.Debug|x86.Build.0 = Debug|Win32
		{189CB5EE-6981-46AD-9E1D-6EFAA644A8A4}.Release|x64.ActiveCfg = Release|x64
		{189CB5EE-6981-46AD-9E1D-6EFAA644A8A4}.Release|x64.Build.0 = Release|x64
		{189CB5EE-6981-46AD-9E1D-6EFAA644A8A4}.Release|x86.ActiveCfg = Release|Win32
		{189CB5EE-6981-46AD-9E1D-6EFAA644A8A4}.Release|x86.Build.0 = Release|Win32
	EndGlobalSection
	GlobalSection(SolutionProperties) = preSolution
		HideSolutionNode = FALSE
	EndGlobalSection
	GlobalSection(ExtensibilityGlobals) = postSolution
		SolutionGuid = {DC8D6F53-F4A2-4762-9721-3E77826F6CC2}
	EndGlobalSection
EndGlobal
